
Microsoft Visual Studio Solution File, Format Version 12.00
# Visual Studio 2012
Project("{FAE04EC0-301F-11D3-BF4B-00C04F79EFBC}") = "Lynx", "Lynx\Lynx.csproj", "{6A44513D-86E3-4997-856C-A86D4710BD19}"
EndProject
Project("{FAE04EC0-301F-11D3-BF4B-00C04F79EFBC}") = "Lynx.iOS", "iOS\Lynx.iOS.csproj", "{680354EE-95EF-49F5-A0E8-12632008F99B}"
EndProject
Project("{FAE04EC0-301F-11D3-BF4B-00C04F79EFBC}") = "Lynx.Droid", "Droid\Lynx.Droid.csproj", "{23FFBCBD-3E1D-4695-B747-9C1C17762B41}"
EndProject
Global
	GlobalSection(SolutionConfigurationPlatforms) = preSolution
		Debug|Any CPU = Debug|Any CPU
		Release|Any CPU = Release|Any CPU
		Debug|iPhoneSimulator = Debug|iPhoneSimulator
		Release|iPhone = Release|iPhone
		Release|iPhoneSimulator = Release|iPhoneSimulator
		Debug|iPhone = Debug|iPhone
	EndGlobalSection
	GlobalSection(ProjectConfigurationPlatforms) = postSolution
		{23FFBCBD-3E1D-4695-B747-9C1C17762B41}.Debug|Any CPU.ActiveCfg = Debug|Any CPU
		{23FFBCBD-3E1D-4695-B747-9C1C17762B41}.Debug|Any CPU.Build.0 = Debug|Any CPU
		{23FFBCBD-3E1D-4695-B747-9C1C17762B41}.Debug|iPhone.ActiveCfg = Debug|Any CPU
		{23FFBCBD-3E1D-4695-B747-9C1C17762B41}.Debug|iPhone.Build.0 = Debug|Any CPU
		{23FFBCBD-3E1D-4695-B747-9C1C17762B41}.Debug|iPhoneSimulator.ActiveCfg = Debug|Any CPU
		{23FFBCBD-3E1D-4695-B747-9C1C17762B41}.Debug|iPhoneSimulator.Build.0 = Debug|Any CPU
		{23FFBCBD-3E1D-4695-B747-9C1C17762B41}.Release|Any CPU.ActiveCfg = Release|Any CPU
		{23FFBCBD-3E1D-4695-B747-9C1C17762B41}.Release|Any CPU.Build.0 = Release|Any CPU
		{23FFBCBD-3E1D-4695-B747-9C1C17762B41}.Release|iPhone.ActiveCfg = Release|Any CPU
		{23FFBCBD-3E1D-4695-B747-9C1C17762B41}.Release|iPhone.Build.0 = Release|Any CPU
		{23FFBCBD-3E1D-4695-B747-9C1C17762B41}.Release|iPhoneSimulator.ActiveCfg = Release|Any CPU
		{23FFBCBD-3E1D-4695-B747-9C1C17762B41}.Release|iPhoneSimulator.Build.0 = Release|Any CPU
		{680354EE-95EF-49F5-A0E8-12632008F99B}.Debug|Any CPU.ActiveCfg = Debug|iPhoneSimulator
		{680354EE-95EF-49F5-A0E8-12632008F99B}.Debug|Any CPU.Build.0 = Debug|iPhoneSimulator
		{680354EE-95EF-49F5-A0E8-12632008F99B}.Debug|iPhone.ActiveCfg = Debug|iPhone
		{680354EE-95EF-49F5-A0E8-12632008F99B}.Debug|iPhone.Build.0 = Debug|iPhone
		{680354EE-95EF-49F5-A0E8-12632008F99B}.Debug|iPhoneSimulator.ActiveCfg = Debug|iPhoneSimulator
		{680354EE-95EF-49F5-A0E8-12632008F99B}.Debug|iPhoneSimulator.Build.0 = Debug|iPhoneSimulator
		{680354EE-95EF-49F5-A0E8-12632008F99B}.Release|Any CPU.ActiveCfg = Release|iPhone
		{680354EE-95EF-49F5-A0E8-12632008F99B}.Release|Any CPU.Build.0 = Release|iPhone
		{680354EE-95EF-49F5-A0E8-12632008F99B}.Release|iPhone.ActiveCfg = Release|iPhone
		{680354EE-95EF-49F5-A0E8-12632008F99B}.Release|iPhone.Build.0 = Release|iPhone
		{680354EE-95EF-49F5-A0E8-12632008F99B}.Release|iPhoneSimulator.ActiveCfg = Release|iPhoneSimulator
		{680354EE-95EF-49F5-A0E8-12632008F99B}.Release|iPhoneSimulator.Build.0 = Release|iPhoneSimulator
		{6A44513D-86E3-4997-856C-A86D4710BD19}.Debug|Any CPU.ActiveCfg = Debug|Any CPU
		{6A44513D-86E3-4997-856C-A86D4710BD19}.Debug|Any CPU.Build.0 = Debug|Any CPU
		{6A44513D-86E3-4997-856C-A86D4710BD19}.Debug|iPhone.ActiveCfg = Debug|Any CPU
		{6A44513D-86E3-4997-856C-A86D4710BD19}.Debug|iPhone.Build.0 = Debug|Any CPU
		{6A44513D-86E3-4997-856C-A86D4710BD19}.Debug|iPhoneSimulator.ActiveCfg = Debug|Any CPU
		{6A44513D-86E3-4997-856C-A86D4710BD19}.Debug|iPhoneSimulator.Build.0 = Debug|Any CPU
		{6A44513D-86E3-4997-856C-A86D4710BD19}.Release|Any CPU.ActiveCfg = Release|Any CPU
		{6A44513D-86E3-4997-856C-A86D4710BD19}.Release|Any CPU.Build.0 = Release|Any CPU
		{6A44513D-86E3-4997-856C-A86D4710BD19}.Release|iPhone.ActiveCfg = Release|Any CPU
		{6A44513D-86E3-4997-856C-A86D4710BD19}.Release|iPhone.Build.0 = Release|Any CPU
		{6A44513D-86E3-4997-856C-A86D4710BD19}.Release|iPhoneSimulator.ActiveCfg = Release|Any CPU
		{6A44513D-86E3-4997-856C-A86D4710BD19}.Release|iPhoneSimulator.Build.0 = Release|Any CPU
	EndGlobalSection
EndGlobal
